
Microsoft Visual Studio Solution File, Format Version 12.00
# Visual Studio Version 16
VisualStudioVersion = 16.0.30413.136
MinimumVisualStudioVersion = 10.0.40219.1
Project("{9A19103F-16F7-4668-BE54-9A1E7A4F7556}") = "001", "001\001.csproj", "{3A506E46-0CD3-4538-9AA7-6F7FD882DBA5}"
EndProject
Project("{9A19103F-16F7-4668-BE54-9A1E7A4F7556}") = "chess", "chess\chess.csproj", "{1F26E593-762B-4187-8226-25C3F09CD1F1}"
EndProject
Project("{9A19103F-16F7-4668-BE54-9A1E7A4F7556}") = "数据结构和变量", "数据结构和变量\数据结构和变量.csproj", "{6FFE337D-1840-45D9-A32F-D5C2E6AA55AD}"
EndProject
Project("{9A19103F-16F7-4668-BE54-9A1E7A4F7556}") = "运算符", "运算符\运算符.csproj", "{AF0E28A7-4955-49EB-B6A9-3D9E410B0014}"
EndProject
Project("{9A19103F-16F7-4668-BE54-9A1E7A4F7556}") = "强制转换析构构造函数", "强制转换\强制转换析构构造函数.csproj", "{E49420A5-F8BB-4C4E-9B4D-6BF5F7AF9168}"
EndProject
Project("{9A19103F-16F7-4668-BE54-9A1E7A4F7556}") = "入侵", "入侵\入侵.csproj", "{9DC47E8D-1AEB-4D49-BDD2-785C709CE517}"
EndProject
Project("{9A19103F-16F7-4668-BE54-9A1E7A4F7556}") = "ACM", "ACM\ACM.csproj", "{6FB0F424-08FA-474A-89AD-8B5053B71530}"
EndProject
Project("{9A19103F-16F7-4668-BE54-9A1E7A4F7556}") = "第二周", "第二周\第二周.csproj", "{898BDC65-6C26-43A9-8BD8-CC8B1A8A48AD}"
EndProject
Project("{9A19103F-16F7-4668-BE54-9A1E7A4F7556}") = "out,ref", "out,ref\out,ref.csproj", "{B4372EDF-6345-4548-BD14-49129BBF8D65}"
EndProject
Project("{9A19103F-16F7-4668-BE54-9A1E7A4F7556}") = "类", "类\类.csproj", "{BEE880C6-5216-48A2-BAE5-6D6063C41544}"
EndProject
Project("{9A19103F-16F7-4668-BE54-9A1E7A4F7556}") = "面向对象", "面向对象\面向对象.csproj", "{87A45538-BDA4-498D-9350-556ADAEA4810}"
EndProject
Project("{9A19103F-16F7-4668-BE54-9A1E7A4F7556}") = "继承里氏转化", "继承\继承里氏转化.csproj", "{2D259177-B5C0-40B5-A97C-A698A08C254A}"
EndProject
Project("{9A19103F-16F7-4668-BE54-9A1E7A4F7556}") = "虚方法", "虚方法\虚方法.csproj", "{40B393FA-3874-4897-B955-C90C6D616150}"
EndProject
Project("{9A19103F-16F7-4668-BE54-9A1E7A4F7556}") = "抽象类与抽象方法", "抽象类与抽象方法\抽象类与抽象方法.csproj", "{8DB6A8E5-7944-4011-B0F3-4D5C6B9BD34D}"
EndProject
Project("{9A19103F-16F7-4668-BE54-9A1E7A4F7556}") = "接口", "接口\接口.csproj", "{CBC250C9-E61F-4A5F-B9A6-27BC277F7564}"
EndProject
Project("{9A19103F-16F7-4668-BE54-9A1E7A4F7556}") = "索引器重载运算符", "索引器重载运算符\索引器重载运算符.csproj", "{33011C49-4FA3-49E4-B0AB-EEFFF2947E71}"
EndProject
Project("{9A19103F-16F7-4668-BE54-9A1E7A4F7556}") = "W4数据结构", "W4数据结构\W4数据结构.csproj", "{CF7058FD-BBAF-4668-9810-7519BCDBDCBA}"
EndProject
Project("{FAE04EC0-301F-11D3-BF4B-00C04F79EFBC}") = "字典泛型栈泛型队列", "字典泛型栈泛型队列\字典泛型栈泛型队列.csproj", "{7334A825-495D-418C-9546-5B42ABFD9124}"
EndProject
Project("{9A19103F-16F7-4668-BE54-9A1E7A4F7556}") = "委托", "委托\委托.csproj", "{97E6191E-8240-4FD2-9CA0-A7D0FD49F70A}"
EndProject
Project("{9A19103F-16F7-4668-BE54-9A1E7A4F7556}") = "泛型委托", "泛型委托\泛型委托.csproj", "{D9A54A45-50B7-4B7D-B615-E01B7AA27052}"
EndProject
Project("{9A19103F-16F7-4668-BE54-9A1E7A4F7556}") = "线程", "线程\线程.csproj", "{D50040D1-4812-4CDA-9231-E36401130704}"
EndProject
Project("{9A19103F-16F7-4668-BE54-9A1E7A4F7556}") = "TryCatch", "TryCatch\TryCatch.csproj", "{558D8B2E-C1C7-431D-A75C-B424D66F23C9}"
EndProject
Project("{9A19103F-16F7-4668-BE54-9A1E7A4F7556}") = "十进制转二进制", "十进制转二进制\十进制转二进制.csproj", "{1CC05C91-ECCA-40E6-98ED-5075D9E602A7}"
EndProject
Global
	GlobalSection(SolutionConfigurationPlatforms) = preSolution
		Debug|Any CPU = Debug|Any CPU
		Debug|x64 = Debug|x64
		Debug|x86 = Debug|x86
		Release|Any CPU = Release|Any CPU
		Release|x64 = Release|x64
		Release|x86 = Release|x86
	EndGlobalSection
	GlobalSection(ProjectConfigurationPlatforms) = postSolution
		{3A506E46-0CD3-4538-9AA7-6F7FD882DBA5}.Debug|Any CPU.ActiveCfg = Debug|Any CPU
		{3A506E46-0CD3-4538-9AA7-6F7FD882DBA5}.Debug|Any CPU.Build.0 = Debug|Any CPU
		{3A506E46-0CD3-4538-9AA7-6F7FD882DBA5}.Debug|x64.ActiveCfg = Debug|Any CPU
		{3A506E46-0CD3-4538-9AA7-6F7FD882DBA5}.Debug|x64.Build.0 = Debug|Any CPU
		{3A506E46-0CD3-4538-9AA7-6F7FD882DBA5}.Debug|x86.ActiveCfg = Debug|Any CPU
		{3A506E46-0CD3-4538-9AA7-6F7FD882DBA5}.Debug|x86.Build.0 = Debug|Any CPU
		{3A506E46-0CD3-4538-9AA7-6F7FD882DBA5}.Release|Any CPU.ActiveCfg = Release|Any CPU
		{3A506E46-0CD3-4538-9AA7-6F7FD882DBA5}.Release|Any CPU.Build.0 = Release|Any CPU
		{3A506E46-0CD3-4538-9AA7-6F7FD882DBA5}.Release|x64.ActiveCfg = Release|Any CPU
		{3A506E46-0CD3-4538-9AA7-6F7FD882DBA5}.Release|x64.Build.0 = Release|Any CPU
		{3A506E46-0CD3-4538-9AA7-6F7FD882DBA5}.Release|x86.ActiveCfg = Release|Any CPU
		{3A506E46-0CD3-4538-9AA7-6F7FD882DBA5}.Release|x86.Build.0 = Release|Any CPU
		{1F26E593-762B-4187-8226-25C3F09CD1F1}.Debug|Any CPU.ActiveCfg = Debug|Any CPU
		{1F26E593-762B-4187-8226-25C3F09CD1F1}.Debug|Any CPU.Build.0 = Debug|Any CPU
		{1F26E593-762B-4187-8226-25C3F09CD1F1}.Debug|x64.ActiveCfg = Debug|Any CPU
		{1F26E593-762B-4187-8226-25C3F09CD1F1}.Debug|x64.Build.0 = Debug|Any CPU
		{1F26E593-762B-4187-8226-25C3F09CD1F1}.Debug|x86.ActiveCfg = Debug|Any CPU
		{1F26E593-762B-4187-8226-25C3F09CD1F1}.Debug|x86.Build.0 = Debug|Any CPU
		{1F26E593-762B-4187-8226-25C3F09CD1F1}.Release|Any CPU.ActiveCfg = Release|Any CPU
		{1F26E593-762B-4187-8226-25C3F09CD1F1}.Release|Any CPU.Build.0 = Release|Any CPU
		{1F26E593-762B-4187-8226-25C3F09CD1F1}.Release|x64.ActiveCfg = Release|Any CPU
		{1F26E593-762B-4187-8226-25C3F09CD1F1}.Release|x64.Build.0 = Release|Any CPU
		{1F26E593-762B-4187-8226-25C3F09CD1F1}.Release|x86.ActiveCfg = Release|Any CPU
		{1F26E593-762B-4187-8226-25C3F09CD1F1}.Release|x86.Build.0 = Release|Any CPU
		{6FFE337D-1840-45D9-A32F-D5C2E6AA55AD}.Debug|Any CPU.ActiveCfg = Debug|Any CPU
		{6FFE337D-1840-45D9-A32F-D5C2E6AA55AD}.Debug|Any CPU.Build.0 = Debug|Any CPU
		{6FFE337D-1840-45D9-A32F-D5C2E6AA55AD}.Debug|x64.ActiveCfg = Debug|Any CPU
		{6FFE337D-1840-45D9-A32F-D5C2E6AA55AD}.Debug|x64.Build.0 = Debug|Any CPU
		{6FFE337D-1840-45D9-A32F-D5C2E6AA55AD}.Debug|x86.ActiveCfg = Debug|Any CPU
		{6FFE337D-1840-45D9-A32F-D5C2E6AA55AD}.Debug|x86.Build.0 = Debug|Any CPU
		{6FFE337D-1840-45D9-A32F-D5C2E6AA55AD}.Release|Any CPU.ActiveCfg = Release|Any CPU
		{6FFE337D-1840-45D9-A32F-D5C2E6AA55AD}.Release|Any CPU.Build.0 = Release|Any CPU
		{6FFE337D-1840-45D9-A32F-D5C2E6AA55AD}.Release|x64.ActiveCfg = Release|Any CPU
		{6FFE337D-1840-45D9-A32F-D5C2E6AA55AD}.Release|x64.Build.0 = Release|Any CPU
		{6FFE337D-1840-45D9-A32F-D5C2E6AA55AD}.Release|x86.ActiveCfg = Release|Any CPU
		{6FFE337D-1840-45D9-A32F-D5C2E6AA55AD}.Release|x86.Build.0 = Release|Any CPU
		{AF0E28A7-4955-49EB-B6A9-3D9E410B0014}.Debug|Any CPU.ActiveCfg = Debug|Any CPU
		{AF0E28A7-4955-49EB-B6A9-3D9E410B0014}.Debug|Any CPU.Build.0 = Debug|Any CPU
		{AF0E28A7-4955-49EB-B6A9-3D9E410B0014}.Debug|x64.ActiveCfg = Debug|Any CPU
		{AF0E28A7-4955-49EB-B6A9-3D9E410B0014}.Debug|x64.Build.0 = Debug|Any CPU
		{AF0E28A7-4955-49EB-B6A9-3D9E410B0014}.Debug|x86.ActiveCfg = Debug|Any CPU
		{AF0E28A7-4955-49EB-B6A9-3D9E410B0014}.Debug|x86.Build.0 = Debug|Any CPU
		{AF0E28A7-4955-49EB-B6A9-3D9E410B0014}.Release|Any CPU.ActiveCfg = Release|Any CPU
		{AF0E28A7-4955-49EB-B6A9-3D9E410B0014}.Release|Any CPU.Build.0 = Release|Any CPU
		{AF0E28A7-4955-49EB-B6A9-3D9E410B0014}.Release|x64.ActiveCfg = Release|Any CPU
		{AF0E28A7-4955-49EB-B6A9-3D9E410B0014}.Release|x64.Build.0 = Release|Any CPU
		{AF0E28A7-4955-49EB-B6A9-3D9E410B0014}.Release|x86.ActiveCfg = Release|Any CPU
		{AF0E28A7-4955-49EB-B6A9-3D9E410B0014}.Release|x86.Build.0 = Release|Any CPU
		{E49420A5-F8BB-4C4E-9B4D-6BF5F7AF9168}.Debug|Any CPU.ActiveCfg = Debug|Any CPU
		{E49420A5-F8BB-4C4E-9B4D-6BF5F7AF9168}.Debug|Any CPU.Build.0 = Debug|Any CPU
		{E49420A5-F8BB-4C4E-9B4D-6BF5F7AF9168}.Debug|x64.ActiveCfg = Debug|Any CPU
		{E49420A5-F8BB-4C4E-9B4D-6BF5F7AF9168}.Debug|x64.Build.0 = Debug|Any CPU
		{E49420A5-F8BB-4C4E-9B4D-6BF5F7AF9168}.Debug|x86.ActiveCfg = Debug|Any CPU
		{E49420A5-F8BB-4C4E-9B4D-6BF5F7AF9168}.Debug|x86.Build.0 = Debug|Any CPU
		{E49420A5-F8BB-4C4E-9B4D-6BF5F7AF9168}.Release|Any CPU.ActiveCfg = Release|Any CPU
		{E49420A5-F8BB-4C4E-9B4D-6BF5F7AF9168}.Release|Any CPU.Build.0 = Release|Any CPU
		{E49420A5-F8BB-4C4E-9B4D-6BF5F7AF9168}.Release|x64.ActiveCfg = Release|Any CPU
		{E49420A5-F8BB-4C4E-9B4D-6BF5F7AF9168}.Release|x64.Build.0 = Release|Any CPU
		{E49420A5-F8BB-4C4E-9B4D-6BF5F7AF9168}.Release|x86.ActiveCfg = Release|Any CPU
		{E49420A5-F8BB-4C4E-9B4D-6BF5F7AF9168}.Release|x86.Build.0 = Release|Any CPU
		{9DC47E8D-1AEB-4D49-BDD2-785C709CE517}.Debug|Any CPU.ActiveCfg = Debug|Any CPU
		{9DC47E8D-1AEB-4D49-BDD2-785C709CE517}.Debug|Any CPU.Build.0 = Debug|Any CPU
		{9DC47E8D-1AEB-4D49-BDD2-785C709CE517}.Debug|x64.ActiveCfg = Debug|Any CPU
		{9DC47E8D-1AEB-4D49-BDD2-785C709CE517}.Debug|x64.Build.0 = Debug|Any CPU
		{9DC47E8D-1AEB-4D49-BDD2-785C709CE517}.Debug|x86.ActiveCfg = Debug|Any CPU
		{9DC47E8D-1AEB-4D49-BDD2-785C709CE517}.Debug|x86.Build.0 = Debug|Any CPU
		{9DC47E8D-1AEB-4D49-BDD2-785C709CE517}.Release|Any CPU.ActiveCfg = Release|Any CPU
		{9DC47E8D-1AEB-4D49-BDD2-785C709CE517}.Release|Any CPU.Build.0 = Release|Any CPU
		{9DC47E8D-1AEB-4D49-BDD2-785C709CE517}.Release|x64.ActiveCfg = Release|Any CPU
		{9DC47E8D-1AEB-4D49-BDD2-785C709CE517}.Release|x64.Build.0 = Release|Any CPU
		{9DC47E8D-1AEB-4D49-BDD2-785C709CE517}.Release|x86.ActiveCfg = Release|Any CPU
		{9DC47E8D-1AEB-4D49-BDD2-785C709CE517}.Release|x86.Build.0 = Release|Any CPU
		{6FB0F424-08FA-474A-89AD-8B5053B71530}.Debug|Any CPU.ActiveCfg = Debug|Any CPU
		{6FB0F424-08FA-474A-89AD-8B5053B71530}.Debug|Any CPU.Build.0 = Debug|Any CPU
		{6FB0F424-08FA-474A-89AD-8B5053B71530}.Debug|x64.ActiveCfg = Debug|Any CPU
		{6FB0F424-08FA-474A-89AD-8B5053B71530}.Debug|x64.Build.0 = Debug|Any CPU
		{6FB0F424-08FA-474A-89AD-8B5053B71530}.Debug|x86.ActiveCfg = Debug|Any CPU
		{6FB0F424-08FA-474A-89AD-8B5053B71530}.Debug|x86.Build.0 = Debug|Any CPU
		{6FB0F424-08FA-474A-89AD-8B5053B71530}.Release|Any CPU.ActiveCfg = Release|Any CPU
		{6FB0F424-08FA-474A-89AD-8B5053B71530}.Release|Any CPU.Build.0 = Release|Any CPU
		{6FB0F424-08FA-474A-89AD-8B5053B71530}.Release|x64.ActiveCfg = Release|Any CPU
		{6FB0F424-08FA-474A-89AD-8B5053B71530}.Release|x64.Build.0 = Release|Any CPU
		{6FB0F424-08FA-474A-89AD-8B5053B71530}.Release|x86.ActiveCfg = Release|Any CPU
		{6FB0F424-08FA-474A-89AD-8B5053B71530}.Release|x86.Build.0 = Release|Any CPU
		{898BDC65-6C26-43A9-8BD8-CC8B1A8A48AD}.Debug|Any CPU.ActiveCfg = Debug|Any CPU
		{898BDC65-6C26-43A9-8BD8-CC8B1A8A48AD}.Debug|Any CPU.Build.0 = Debug|Any CPU
		{898BDC65-6C26-43A9-8BD8-CC8B1A8A48AD}.Debug|x64.ActiveCfg = Debug|Any CPU
		{898BDC65-6C26-43A9-8BD8-CC8B1A8A48AD}.Debug|x64.Build.0 = Debug|Any CPU
		{898BDC65-6C26-43A9-8BD8-CC8B1A8A48AD}.Debug|x86.ActiveCfg = Debug|Any CPU
		{898BDC65-6C26-43A9-8BD8-CC8B1A8A48AD}.Debug|x86.Build.0 = Debug|Any CPU
		{898BDC65-6C26-43A9-8BD8-CC8B1A8A48AD}.Release|Any CPU.ActiveCfg = Release|Any CPU
		{898BDC65-6C26-43A9-8BD8-CC8B1A8A48AD}.Release|Any CPU.Build.0 = Release|Any CPU
		{898BDC65-6C26-43A9-8BD8-CC8B1A8A48AD}.Release|x64.ActiveCfg = Release|Any CPU
		{898BDC65-6C26-43A9-8BD8-CC8B1A8A48AD}.Release|x64.Build.0 = Release|Any CPU
		{898BDC65-6C26-43A9-8BD8-CC8B1A8A48AD}.Release|x86.ActiveCfg = Release|Any CPU
		{898BDC65-6C26-43A9-8BD8-CC8B1A8A48AD}.Release|x86.Build.0 = Release|Any CPU
		{B4372EDF-6345-4548-BD14-49129BBF8D65}.Debug|Any CPU.ActiveCfg = Debug|Any CPU
		{B4372EDF-6345-4548-BD14-49129BBF8D65}.Debug|Any CPU.Build.0 = Debug|Any CPU
		{B4372EDF-6345-4548-BD14-49129BBF8D65}.Debug|x64.ActiveCfg = Debug|Any CPU
		{B4372EDF-6345-4548-BD14-49129BBF8D65}.Debug|x64.Build.0 = Debug|Any CPU
		{B4372EDF-6345-4548-BD14-49129BBF8D65}.Debug|x86.ActiveCfg = Debug|Any CPU
		{B4372EDF-6345-4548-BD14-49129BBF8D65}.Debug|x86.Build.0 = Debug|Any CPU
		{B4372EDF-6345-4548-BD14-49129BBF8D65}.Release|Any CPU.ActiveCfg = Release|Any CPU
		{B4372EDF-6345-4548-BD14-49129BBF8D65}.Release|Any CPU.Build.0 = Release|Any CPU
		{B4372EDF-6345-4548-BD14-49129BBF8D65}.Release|x64.ActiveCfg = Release|Any CPU
		{B4372EDF-6345-4548-BD14-49129BBF8D65}.Release|x64.Build.0 = Release|Any CPU
		{B4372EDF-6345-4548-BD14-49129BBF8D65}.Release|x86.ActiveCfg = Release|Any CPU
		{B4372EDF-6345-4548-BD14-49129BBF8D65}.Release|x86.Build.0 = Release|Any CPU
		{BEE880C6-5216-48A2-BAE5-6D6063C41544}.Debug|Any CPU.ActiveCfg = Debug|Any CPU
		{BEE880C6-5216-48A2-BAE5-6D6063C41544}.Debug|Any CPU.Build.0 = Debug|Any CPU
		{BEE880C6-5216-48A2-BAE5-6D6063C41544}.Debug|x64.ActiveCfg = Debug|Any CPU
		{BEE880C6-5216-48A2-BAE5-6D6063C41544}.Debug|x64.Build.0 = Debug|Any CPU
		{BEE880C6-5216-48A2-BAE5-6D6063C41544}.Debug|x86.ActiveCfg = Debug|Any CPU
		{BEE880C6-5216-48A2-BAE5-6D6063C41544}.Debug|x86.Build.0 = Debug|Any CPU
		{BEE880C6-5216-48A2-BAE5-6D6063C41544}.Release|Any CPU.ActiveCfg = Release|Any CPU
		{BEE880C6-5216-48A2-BAE5-6D6063C41544}.Release|Any CPU.Build.0 = Release|Any CPU
		{BEE880C6-5216-48A2-BAE5-6D6063C41544}.Release|x64.ActiveCfg = Release|Any CPU
		{BEE880C6-5216-48A2-BAE5-6D6063C41544}.Release|x64.Build.0 = Release|Any CPU
		{BEE880C6-5216-48A2-BAE5-6D6063C41544}.Release|x86.ActiveCfg = Release|Any CPU
		{BEE880C6-5216-48A2-BAE5-6D6063C41544}.Release|x86.Build.0 = Release|Any CPU
		{87A45538-BDA4-498D-9350-556ADAEA4810}.Debug|Any CPU.ActiveCfg = Debug|Any CPU
		{87A45538-BDA4-498D-9350-556ADAEA4810}.Debug|Any CPU.Build.0 = Debug|Any CPU
		{87A45538-BDA4-498D-9350-556ADAEA4810}.Debug|x64.ActiveCfg = Debug|Any CPU
		{87A45538-BDA4-498D-9350-556ADAEA4810}.Debug|x64.Build.0 = Debug|Any CPU
		{87A45538-BDA4-498D-9350-556ADAEA4810}.Debug|x86.ActiveCfg = Debug|Any CPU
		{87A45538-BDA4-498D-9350-556ADAEA4810}.Debug|x86.Build.0 = Debug|Any CPU
		{87A45538-BDA4-498D-9350-556ADAEA4810}.Release|Any CPU.ActiveCfg = Release|Any CPU
		{87A45538-BDA4-498D-9350-556ADAEA4810}.Release|Any CPU.Build.0 = Release|Any CPU
		{87A45538-BDA4-498D-9350-556ADAEA4810}.Release|x64.ActiveCfg = Release|Any CPU
		{87A45538-BDA4-498D-9350-556ADAEA4810}.Release|x64.Build.0 = Release|Any CPU
		{87A45538-BDA4-498D-9350-556ADAEA4810}.Release|x86.ActiveCfg = Release|Any CPU
		{87A45538-BDA4-498D-9350-556ADAEA4810}.Release|x86.Build.0 = Release|Any CPU
		{2D259177-B5C0-40B5-A97C-A698A08C254A}.Debug|Any CPU.ActiveCfg = Debug|Any CPU
		{2D259177-B5C0-40B5-A97C-A698A08C254A}.Debug|Any CPU.Build.0 = Debug|Any CPU
		{2D259177-B5C0-40B5-A97C-A698A08C254A}.Debug|x64.ActiveCfg = Debug|Any CPU
		{2D259177-B5C0-40B5-A97C-A698A08C254A}.Debug|x64.Build.0 = Debug|Any CPU
		{2D259177-B5C0-40B5-A97C-A698A08C254A}.Debug|x86.ActiveCfg = Debug|Any CPU
		{2D259177-B5C0-40B5-A97C-A698A08C254A}.Debug|x86.Build.0 = Debug|Any CPU
		{2D259177-B5C0-40B5-A97C-A698A08C254A}.Release|Any CPU.ActiveCfg = Release|Any CPU
		{2D259177-B5C0-40B5-A97C-A698A08C254A}.Release|Any CPU.Build.0 = Release|Any CPU
		{2D259177-B5C0-40B5-A97C-A698A08C254A}.Release|x64.ActiveCfg = Release|Any CPU
		{2D259177-B5C0-40B5-A97C-A698A08C254A}.Release|x64.Build.0 = Release|Any CPU
		{2D259177-B5C0-40B5-A97C-A698A08C254A}.Release|x86.ActiveCfg = Release|Any CPU
		{2D259177-B5C0-40B5-A97C-A698A08C254A}.Release|x86.Build.0 = Release|Any CPU
		{40B393FA-3874-4897-B955-C90C6D616150}.Debug|Any CPU.ActiveCfg = Debug|Any CPU
		{40B393FA-3874-4897-B955-C90C6D616150}.Debug|Any CPU.Build.0 = Debug|Any CPU
		{40B393FA-3874-4897-B955-C90C6D616150}.Debug|x64.ActiveCfg = Debug|Any CPU
		{40B393FA-3874-4897-B955-C90C6D616150}.Debug|x64.Build.0 = Debug|Any CPU
		{40B393FA-3874-4897-B955-C90C6D616150}.Debug|x86.ActiveCfg = Debug|Any CPU
		{40B393FA-3874-4897-B955-C90C6D616150}.Debug|x86.Build.0 = Debug|Any CPU
		{40B393FA-3874-4897-B955-C90C6D616150}.Release|Any CPU.ActiveCfg = Release|Any CPU
		{40B393FA-3874-4897-B955-C90C6D616150}.Release|Any CPU.Build.0 = Release|Any CPU
		{40B393FA-3874-4897-B955-C90C6D616150}.Release|x64.ActiveCfg = Release|Any CPU
		{40B393FA-3874-4897-B955-C90C6D616150}.Release|x64.Build.0 = Release|Any CPU
		{40B393FA-3874-4897-B955-C90C6D616150}.Release|x86.ActiveCfg = Release|Any CPU
		{40B393FA-3874-4897-B955-C90C6D616150}.Release|x86.Build.0 = Release|Any CPU
		{8DB6A8E5-7944-4011-B0F3-4D5C6B9BD34D}.Debug|Any CPU.ActiveCfg = Debug|Any CPU
		{8DB6A8E5-7944-4011-B0F3-4D5C6B9BD34D}.Debug|Any CPU.Build.0 = Debug|Any CPU
		{8DB6A8E5-7944-4011-B0F3-4D5C6B9BD34D}.Debug|x64.ActiveCfg = Debug|Any CPU
		{8DB6A8E5-7944-4011-B0F3-4D5C6B9BD34D}.Debug|x64.Build.0 = Debug|Any CPU
		{8DB6A8E5-7944-4011-B0F3-4D5C6B9BD34D}.Debug|x86.ActiveCfg = Debug|Any CPU
		{8DB6A8E5-7944-4011-B0F3-4D5C6B9BD34D}.Debug|x86.Build.0 = Debug|Any CPU
		{8DB6A8E5-7944-4011-B0F3-4D5C6B9BD34D}.Release|Any CPU.ActiveCfg = Release|Any CPU
		{8DB6A8E5-7944-4011-B0F3-4D5C6B9BD34D}.Release|Any CPU.Build.0 = Release|Any CPU
		{8DB6A8E5-7944-4011-B0F3-4D5C6B9BD34D}.Release|x64.ActiveCfg = Release|Any CPU
		{8DB6A8E5-7944-4011-B0F3-4D5C6B9BD34D}.Release|x64.Build.0 = Release|Any CPU
		{8DB6A8E5-7944-4011-B0F3-4D5C6B9BD34D}.Release|x86.ActiveCfg = Release|Any CPU
		{8DB6A8E5-7944-4011-B0F3-4D5C6B9BD34D}.Release|x86.Build.0 = Release|Any CPU
		{CBC250C9-E61F-4A5F-B9A6-27BC277F7564}.Debug|Any CPU.ActiveCfg = Debug|Any CPU
		{CBC250C9-E61F-4A5F-B9A6-27BC277F7564}.Debug|Any CPU.Build.0 = Debug|Any CPU
		{CBC250C9-E61F-4A5F-B9A6-27BC277F7564}.Debug|x64.ActiveCfg = Debug|Any CPU
		{CBC250C9-E61F-4A5F-B9A6-27BC277F7564}.Debug|x64.Build.0 = Debug|Any CPU
		{CBC250C9-E61F-4A5F-B9A6-27BC277F7564}.Debug|x86.ActiveCfg = Debug|Any CPU
		{CBC250C9-E61F-4A5F-B9A6-27BC277F7564}.Debug|x86.Build.0 = Debug|Any CPU
		{CBC250C9-E61F-4A5F-B9A6-27BC277F7564}.Release|Any CPU.ActiveCfg = Release|Any CPU
		{CBC250C9-E61F-4A5F-B9A6-27BC277F7564}.Release|Any CPU.Build.0 = Release|Any CPU
		{CBC250C9-E61F-4A5F-B9A6-27BC277F7564}.Release|x64.ActiveCfg = Release|Any CPU
		{CBC250C9-E61F-4A5F-B9A6-27BC277F7564}.Release|x64.Build.0 = Release|Any CPU
		{CBC250C9-E61F-4A5F-B9A6-27BC277F7564}.Release|x86.ActiveCfg = Release|Any CPU
		{CBC250C9-E61F-4A5F-B9A6-27BC277F7564}.Release|x86.Build.0 = Release|Any CPU
		{33011C49-4FA3-49E4-B0AB-EEFFF2947E71}.Debug|Any CPU.ActiveCfg = Debug|Any CPU
		{33011C49-4FA3-49E4-B0AB-EEFFF2947E71}.Debug|Any CPU.Build.0 = Debug|Any CPU
		{33011C49-4FA3-49E4-B0AB-EEFFF2947E71}.Debug|x64.ActiveCfg = Debug|Any CPU
		{33011C49-4FA3-49E4-B0AB-EEFFF2947E71}.Debug|x64.Build.0 = Debug|Any CPU
		{33011C49-4FA3-49E4-B0AB-EEFFF2947E71}.Debug|x86.ActiveCfg = Debug|Any CPU
		{33011C49-4FA3-49E4-B0AB-EEFFF2947E71}.Debug|x86.Build.0 = Debug|Any CPU
		{33011C49-4FA3-49E4-B0AB-EEFFF2947E71}.Release|Any CPU.ActiveCfg = Release|Any CPU
		{33011C49-4FA3-49E4-B0AB-EEFFF2947E71}.Release|Any CPU.Build.0 = Release|Any CPU
		{33011C49-4FA3-49E4-B0AB-EEFFF2947E71}.Release|x64.ActiveCfg = Release|Any CPU
		{33011C49-4FA3-49E4-B0AB-EEFFF2947E71}.Release|x64.Build.0 = Release|Any CPU
		{33011C49-4FA3-49E4-B0AB-EEFFF2947E71}.Release|x86.ActiveCfg = Release|Any CPU
		{33011C49-4FA3-49E4-B0AB-EEFFF2947E71}.Release|x86.Build.0 = Release|Any CPU
		{CF7058FD-BBAF-4668-9810-7519BCDBDCBA}.Debug|Any CPU.ActiveCfg = Debug|Any CPU
		{CF7058FD-BBAF-4668-9810-7519BCDBDCBA}.Debug|Any CPU.Build.0 = Debug|Any CPU
		{CF7058FD-BBAF-4668-9810-7519BCDBDCBA}.Debug|x64.ActiveCfg = Debug|Any CPU
		{CF7058FD-BBAF-4668-9810-7519BCDBDCBA}.Debug|x64.Build.0 = Debug|Any CPU
		{CF7058FD-BBAF-4668-9810-7519BCDBDCBA}.Debug|x86.ActiveCfg = Debug|Any CPU
		{CF7058FD-BBAF-4668-9810-7519BCDBDCBA}.Debug|x86.Build.0 = Debug|Any CPU
		{CF7058FD-BBAF-4668-9810-7519BCDBDCBA}.Release|Any CPU.ActiveCfg = Release|Any CPU
		{CF7058FD-BBAF-4668-9810-7519BCDBDCBA}.Release|Any CPU.Build.0 = Release|Any CPU
		{CF7058FD-BBAF-4668-9810-7519BCDBDCBA}.Release|x64.ActiveCfg = Release|Any CPU
		{CF7058FD-BBAF-4668-9810-7519BCDBDCBA}.Release|x64.Build.0 = Release|Any CPU
		{CF7058FD-BBAF-4668-9810-7519BCDBDCBA}.Release|x86.ActiveCfg = Release|Any CPU
		{CF7058FD-BBAF-4668-9810-7519BCDBDCBA}.Release|x86.Build.0 = Release|Any CPU
		{7334A825-495D-418C-9546-5B42ABFD9124}.Debug|Any CPU.ActiveCfg = Debug|Any CPU
		{7334A825-495D-418C-9546-5B42ABFD9124}.Debug|Any CPU.Build.0 = Debug|Any CPU
		{7334A825-495D-418C-9546-5B42ABFD9124}.Debug|x64.ActiveCfg = Debug|Any CPU
		{7334A825-495D-418C-9546-5B42ABFD9124}.Debug|x64.Build.0 = Debug|Any CPU
		{7334A825-495D-418C-9546-5B42ABFD9124}.Debug|x86.ActiveCfg = Debug|Any CPU
		{7334A825-495D-418C-9546-5B42ABFD9124}.Debug|x86.Build.0 = Debug|Any CPU
		{7334A825-495D-418C-9546-5B42ABFD9124}.Release|Any CPU.ActiveCfg = Release|Any CPU
		{7334A825-495D-418C-9546-5B42ABFD9124}.Release|Any CPU.Build.0 = Release|Any CPU
		{7334A825-495D-418C-9546-5B42ABFD9124}.Release|x64.ActiveCfg = Release|Any CPU
		{7334A825-495D-418C-9546-5B42ABFD9124}.Release|x64.Build.0 = Release|Any CPU
		{7334A825-495D-418C-9546-5B42ABFD9124}.Release|x86.ActiveCfg = Release|Any CPU
		{7334A825-495D-418C-9546-5B42ABFD9124}.Release|x86.Build.0 = Release|Any CPU
		{97E6191E-8240-4FD2-9CA0-A7D0FD49F70A}.Debug|Any CPU.ActiveCfg = Debug|Any CPU
		{97E6191E-8240-4FD2-9CA0-A7D0FD49F70A}.Debug|Any CPU.Build.0 = Debug|Any CPU
		{97E6191E-8240-4FD2-9CA0-A7D0FD49F70A}.Debug|x64.ActiveCfg = Debug|Any CPU
		{97E6191E-8240-4FD2-9CA0-A7D0FD49F70A}.Debug|x64.Build.0 = Debug|Any CPU
		{97E6191E-8240-4FD2-9CA0-A7D0FD49F70A}.Debug|x86.ActiveCfg = Debug|Any CPU
		{97E6191E-8240-4FD2-9CA0-A7D0FD49F70A}.Debug|x86.Build.0 = Debug|Any CPU
		{97E6191E-8240-4FD2-9CA0-A7D0FD49F70A}.Release|Any CPU.ActiveCfg = Release|Any CPU
		{97E6191E-8240-4FD2-9CA0-A7D0FD49F70A}.Release|Any CPU.Build.0 = Release|Any CPU
		{97E6191E-8240-4FD2-9CA0-A7D0FD49F70A}.Release|x64.ActiveCfg = Release|Any CPU
		{97E6191E-8240-4FD2-9CA0-A7D0FD49F70A}.Release|x64.Build.0 = Release|Any CPU
		{97E6191E-8240-4FD2-9CA0-A7D0FD49F70A}.Release|x86.ActiveCfg = Release|Any CPU
		{97E6191E-8240-4FD2-9CA0-A7D0FD49F70A}.Release|x86.Build.0 = Release|Any CPU
		{D9A54A45-50B7-4B7D-B615-E01B7AA27052}.Debug|Any CPU.ActiveCfg = Debug|Any CPU
		{D9A54A45-50B7-4B7D-B615-E01B7AA27052}.Debug|Any CPU.Build.0 = Debug|Any CPU
		{D9A54A45-50B7-4B7D-B615-E01B7AA27052}.Debug|x64.ActiveCfg = Debug|Any CPU
		{D9A54A45-50B7-4B7D-B615-E01B7AA27052}.Debug|x64.Build.0 = Debug|Any CPU
		{D9A54A45-50B7-4B7D-B615-E01B7AA27052}.Debug|x86.ActiveCfg = Debug|Any CPU
		{D9A54A45-50B7-4B7D-B615-E01B7AA27052}.Debug|x86.Build.0 = Debug|Any CPU
		{D9A54A45-50B7-4B7D-B615-E01B7AA27052}.Release|Any CPU.ActiveCfg = Release|Any CPU
		{D9A54A45-50B7-4B7D-B615-E01B7AA27052}.Release|Any CPU.Build.0 = Release|Any CPU
		{D9A54A45-50B7-4B7D-B615-E01B7AA27052}.Release|x64.ActiveCfg = Release|Any CPU
		{D9A54A45-50B7-4B7D-B615-E01B7AA27052}.Release|x64.Build.0 = Release|Any CPU
		{D9A54A45-50B7-4B7D-B615-E01B7AA27052}.Release|x86.ActiveCfg = Release|Any CPU
		{D9A54A45-50B7-4B7D-B615-E01B7AA27052}.Release|x86.Build.0 = Release|Any CPU
		{D50040D1-4812-4CDA-9231-E36401130704}.Debug|Any CPU.ActiveCfg = Debug|Any CPU
		{D50040D1-4812-4CDA-9231-E36401130704}.Debug|Any CPU.Build.0 = Debug|Any CPU
		{D50040D1-4812-4CDA-9231-E36401130704}.Debug|x64.ActiveCfg = Debug|Any CPU
		{D50040D1-4812-4CDA-9231-E36401130704}.Debug|x64.Build.0 = Debug|Any CPU
		{D50040D1-4812-4CDA-9231-E36401130704}.Debug|x86.ActiveCfg = Debug|Any CPU
		{D50040D1-4812-4CDA-9231-E36401130704}.Debug|x86.Build.0 = Debug|Any CPU
		{D50040D1-4812-4CDA-9231-E36401130704}.Release|Any CPU.ActiveCfg = Release|Any CPU
		{D50040D1-4812-4CDA-9231-E36401130704}.Release|Any CPU.Build.0 = Release|Any CPU
		{D50040D1-4812-4CDA-9231-E36401130704}.Release|x64.ActiveCfg = Release|Any CPU
		{D50040D1-4812-4CDA-9231-E36401130704}.Release|x64.Build.0 = Release|Any CPU
		{D50040D1-4812-4CDA-9231-E36401130704}.Release|x86.ActiveCfg = Release|Any CPU
		{D50040D1-4812-4CDA-9231-E36401130704}.Release|x86.Build.0 = Release|Any CPU
		{558D8B2E-C1C7-431D-A75C-B424D66F23C9}.Debug|Any CPU.ActiveCfg = Debug|Any CPU
		{558D8B2E-C1C7-431D-A75C-B424D66F23C9}.Debug|Any CPU.Build.0 = Debug|Any CPU
		{558D8B2E-C1C7-431D-A75C-B424D66F23C9}.Debug|x64.ActiveCfg = Debug|Any CPU
		{558D8B2E-C1C7-431D-A75C-B424D66F23C9}.Debug|x64.Build.0 = Debug|Any CPU
		{558D8B2E-C1C7-431D-A75C-B424D66F23C9}.Debug|x86.ActiveCfg = Debug|Any CPU
		{558D8B2E-C1C7-431D-A75C-B424D66F23C9}.Debug|x86.Build.0 = Debug|Any CPU
		{558D8B2E-C1C7-431D-A75C-B424D66F23C9}.Release|Any CPU.ActiveCfg = Release|Any CPU
		{558D8B2E-C1C7-431D-A75C-B424D66F23C9}.Release|Any CPU.Build.0 = Release|Any CPU
		{558D8B2E-C1C7-431D-A75C-B424D66F23C9}.Release|x64.ActiveCfg = Release|Any CPU
		{558D8B2E-C1C7-431D-A75C-B424D66F23C9}.Release|x64.Build.0 = Release|Any CPU
		{558D8B2E-C1C7-431D-A75C-B424D66F23C9}.Release|x86.ActiveCfg = Release|Any CPU
		{558D8B2E-C1C7-431D-A75C-B424D66F23C9}.Release|x86.Build.0 = Release|Any CPU
		{1CC05C91-ECCA-40E6-98ED-5075D9E602A7}.Debug|Any CPU.ActiveCfg = Debug|Any CPU
		{1CC05C91-ECCA-40E6-98ED-5075D9E602A7}.Debug|Any CPU.Build.0 = Debug|Any CPU
		{1CC05C91-ECCA-40E6-98ED-5075D9E602A7}.Debug|x64.ActiveCfg = Debug|Any CPU
		{1CC05C91-ECCA-40E6-98ED-5075D9E602A7}.Debug|x64.Build.0 = Debug|Any CPU
		{1CC05C91-ECCA-40E6-98ED-5075D9E602A7}.Debug|x86.ActiveCfg = Debug|Any CPU
		{1CC05C91-ECCA-40E6-98ED-5075D9E602A7}.Debug|x86.Build.0 = Debug|Any CPU
		{1CC05C91-ECCA-40E6-98ED-5075D9E602A7}.Release|Any CPU.ActiveCfg = Release|Any CPU
		{1CC05C91-ECCA-40E6-98ED-5075D9E602A7}.Release|Any CPU.Build.0 = Release|Any CPU
		{1CC05C91-ECCA-40E6-98ED-5075D9E602A7}.Release|x64.ActiveCfg = Release|Any CPU
		{1CC05C91-ECCA-40E6-98ED-5075D9E602A7}.Release|x64.Build.0 = Release|Any CPU
		{1CC05C91-ECCA-40E6-98ED-5075D9E602A7}.Release|x86.ActiveCfg = Release|Any CPU
		{1CC05C91-ECCA-40E6-98ED-5075D9E602A7}.Release|x86.Build.0 = Release|Any CPU
	EndGlobalSection
	GlobalSection(SolutionProperties) = preSolution
		HideSolutionNode = FALSE
	EndGlobalSection
	GlobalSection(ExtensibilityGlobals) = postSolution
		SolutionGuid = {69FB3797-E5BC-4057-AF94-9C051519B22D}
	EndGlobalSection
EndGlobal
