
Microsoft Visual Studio Solution File, Format Version 12.00
# Visual Studio Version 16
VisualStudioVersion = 16.0.30413.136
MinimumVisualStudioVersion = 10.0.40219.1
Project("{9A19103F-16F7-4668-BE54-9A1E7A4F7556}") = "Raider", "侵入者\Raider.csproj", "{3267AB50-2CF6-496D-B217-8712646C191B}"
EndProject
Global
	GlobalSection(SolutionConfigurationPlatforms) = preSolution
		Debug|Any CPU = Debug|Any CPU
		Release|Any CPU = Release|Any CPU
	EndGlobalSection
	GlobalSection(ProjectConfigurationPlatforms) = postSolution
		{3267AB50-2CF6-496D-B217-8712646C191B}.Debug|Any CPU.ActiveCfg = Debug|Any CPU
		{3267AB50-2CF6-496D-B217-8712646C191B}.Debug|Any CPU.Build.0 = Debug|Any CPU
		{3267AB50-2CF6-496D-B217-8712646C191B}.Release|Any CPU.ActiveCfg = Release|Any CPU
		{3267AB50-2CF6-496D-B217-8712646C191B}.Release|Any CPU.Build.0 = Release|Any CPU
	EndGlobalSection
	GlobalSection(SolutionProperties) = preSolution
		HideSolutionNode = FALSE
	EndGlobalSection
	GlobalSection(ExtensibilityGlobals) = postSolution
		SolutionGuid = {7F5D8302-0868-44D9-BB60-D0780D7B315F}
	EndGlobalSection
EndGlobal
