
Microsoft Visual Studio Solution File, Format Version 12.00
# Visual Studio Version 16
VisualStudioVersion = 16.0.30413.136
MinimumVisualStudioVersion = 10.0.40219.1
Project("{FAE04EC0-301F-11D3-BF4B-00C04F79EFBC}") = "MineGame", "MineGame\MineGame.csproj", "{4C766E66-8C7A-473A-9E3D-933F2D1B639F}"
EndProject
Global
	GlobalSection(SolutionConfigurationPlatforms) = preSolution
		Debug|Any CPU = Debug|Any CPU
		Release|Any CPU = Release|Any CPU
	EndGlobalSection
	GlobalSection(ProjectConfigurationPlatforms) = postSolution
		{4C766E66-8C7A-473A-9E3D-933F2D1B639F}.Debug|Any CPU.ActiveCfg = Debug|Any CPU
		{4C766E66-8C7A-473A-9E3D-933F2D1B639F}.Debug|Any CPU.Build.0 = Debug|Any CPU
		{4C766E66-8C7A-473A-9E3D-933F2D1B639F}.Release|Any CPU.ActiveCfg = Release|Any CPU
		{4C766E66-8C7A-473A-9E3D-933F2D1B639F}.Release|Any CPU.Build.0 = Release|Any CPU
	EndGlobalSection
	GlobalSection(SolutionProperties) = preSolution
		HideSolutionNode = FALSE
	EndGlobalSection
	GlobalSection(ExtensibilityGlobals) = postSolution
		SolutionGuid = {5ACE2E47-7F91-4DEA-8DB1-23F4C723591A}
	EndGlobalSection
EndGlobal
